// !$*UTF8*$!
{
	archiveVersion = 1;
	classes = {
	};
	objectVersion = 50;
	objects = {

/* Begin PBXBuildFile section */
		C4BE294722E6457700EBBF4D /* AppDelegate.m in Sources */ = {isa = PBXBuildFile; fileRef = C4BE294622E6457700EBBF4D /* AppDelegate.m */; };
		C4BE294D22E6457700EBBF4D /* Main.storyboard in Resources */ = {isa = PBXBuildFile; fileRef = C4BE294B22E6457700EBBF4D /* Main.storyboard */; };
		C4BE294F22E6457700EBBF4D /* Assets.xcassets in Resources */ = {isa = PBXBuildFile; fileRef = C4BE294E22E6457700EBBF4D /* Assets.xcassets */; };
		C4BE295222E6457700EBBF4D /* LaunchScreen.storyboard in Resources */ = {isa = PBXBuildFile; fileRef = C4BE295022E6457700EBBF4D /* LaunchScreen.storyboard */; };
		C4BE295522E6457700EBBF4D /* main.m in Sources */ = {isa = PBXBuildFile; fileRef = C4BE295422E6457700EBBF4D /* main.m */; };
		C4BE295F22E6457800EBBF4D /* ObjC_AstronomyTests.m in Sources */ = {isa = PBXBuildFile; fileRef = C4BE295E22E6457800EBBF4D /* ObjC_AstronomyTests.m */; };
/* End PBXBuildFile section */

/* Begin PBXContainerItemProxy section */
		C4BE295B22E6457700EBBF4D /* PBXContainerItemProxy */ = {
			isa = PBXContainerItemProxy;
			containerPortal = C4BE293A22E6457700EBBF4D /* Project object */;
			proxyType = 1;
			remoteGlobalIDString = C4BE294122E6457700EBBF4D;
			remoteInfo = "ObjC-Astronomy";
		};
/* End PBXContainerItemProxy section */

/* Begin PBXFileReference section */
		C4BE294222E6457700EBBF4D /* ObjC-Astronomy.app */ = {isa = PBXFileReference; explicitFileType = wrapper.application; includeInIndex = 0; path = "ObjC-Astronomy.app"; sourceTree = BUILT_PRODUCTS_DIR; };
		C4BE294522E6457700EBBF4D /* AppDelegate.h */ = {isa = PBXFileReference; lastKnownFileType = sourcecode.c.h; path = AppDelegate.h; sourceTree = "<group>"; };
		C4BE294622E6457700EBBF4D /* AppDelegate.m */ = {isa = PBXFileReference; lastKnownFileType = sourcecode.c.objc; path = AppDelegate.m; sourceTree = "<group>"; };
		C4BE294C22E6457700EBBF4D /* Base */ = {isa = PBXFileReference; lastKnownFileType = file.storyboard; name = Base; path = Base.lproj/Main.storyboard; sourceTree = "<group>"; };
		C4BE294E22E6457700EBBF4D /* Assets.xcassets */ = {isa = PBXFileReference; lastKnownFileType = folder.assetcatalog; path = Assets.xcassets; sourceTree = "<group>"; };
		C4BE295122E6457700EBBF4D /* Base */ = {isa = PBXFileReference; lastKnownFileType = file.storyboard; name = Base; path = Base.lproj/LaunchScreen.storyboard; sourceTree = "<group>"; };
		C4BE295322E6457700EBBF4D /* Info.plist */ = {isa = PBXFileReference; lastKnownFileType = text.plist.xml; path = Info.plist; sourceTree = "<group>"; };
		C4BE295422E6457700EBBF4D /* main.m */ = {isa = PBXFileReference; lastKnownFileType = sourcecode.c.objc; path = main.m; sourceTree = "<group>"; };
		C4BE295A22E6457700EBBF4D /* ObjC-AstronomyTests.xctest */ = {isa = PBXFileReference; explicitFileType = wrapper.cfbundle; includeInIndex = 0; path = "ObjC-AstronomyTests.xctest"; sourceTree = BUILT_PRODUCTS_DIR; };
		C4BE295E22E6457800EBBF4D /* ObjC_AstronomyTests.m */ = {isa = PBXFileReference; lastKnownFileType = sourcecode.c.objc; path = ObjC_AstronomyTests.m; sourceTree = "<group>"; };
		C4BE296022E6457800EBBF4D /* Info.plist */ = {isa = PBXFileReference; lastKnownFileType = text.plist.xml; path = Info.plist; sourceTree = "<group>"; };
/* End PBXFileReference section */

/* Begin PBXFrameworksBuildPhase section */
		C4BE293F22E6457700EBBF4D /* Frameworks */ = {
			isa = PBXFrameworksBuildPhase;
			buildActionMask = 2147483647;
			files = (
			);
			runOnlyForDeploymentPostprocessing = 0;
		};
		C4BE295722E6457700EBBF4D /* Frameworks */ = {
			isa = PBXFrameworksBuildPhase;
			buildActionMask = 2147483647;
			files = (
			);
			runOnlyForDeploymentPostprocessing = 0;
		};
/* End PBXFrameworksBuildPhase section */

/* Begin PBXGroup section */
		C4BE293922E6457700EBBF4D = {
			isa = PBXGroup;
			children = (
				C4BE294422E6457700EBBF4D /* ObjC-Astronomy */,
				C4BE295D22E6457700EBBF4D /* ObjC-AstronomyTests */,
				C4BE294322E6457700EBBF4D /* Products */,
			);
			sourceTree = "<group>";
		};
		C4BE294322E6457700EBBF4D /* Products */ = {
			isa = PBXGroup;
			children = (
				C4BE294222E6457700EBBF4D /* ObjC-Astronomy.app */,
				C4BE295A22E6457700EBBF4D /* ObjC-AstronomyTests.xctest */,
			);
			name = Products;
			sourceTree = "<group>";
		};
		C4BE294422E6457700EBBF4D /* ObjC-Astronomy */ = {
			isa = PBXGroup;
			children = (
				C4BE294522E6457700EBBF4D /* AppDelegate.h */,
				C4BE294622E6457700EBBF4D /* AppDelegate.m */,
				C4BE294B22E6457700EBBF4D /* Main.storyboard */,
				C4BE294E22E6457700EBBF4D /* Assets.xcassets */,
				C4BE295022E6457700EBBF4D /* LaunchScreen.storyboard */,
				C4BE295322E6457700EBBF4D /* Info.plist */,
				C4BE295422E6457700EBBF4D /* main.m */,
			);
			path = "ObjC-Astronomy";
			sourceTree = "<group>";
		};
		C4BE295D22E6457700EBBF4D /* ObjC-AstronomyTests */ = {
			isa = PBXGroup;
			children = (
				C4BE295E22E6457800EBBF4D /* ObjC_AstronomyTests.m */,
				C4BE296022E6457800EBBF4D /* Info.plist */,
			);
			path = "ObjC-AstronomyTests";
			sourceTree = "<group>";
		};
/* End PBXGroup section */

/* Begin PBXNativeTarget section */
		C4BE294122E6457700EBBF4D /* ObjC-Astronomy */ = {
			isa = PBXNativeTarget;
			buildConfigurationList = C4BE296322E6457800EBBF4D /* Build configuration list for PBXNativeTarget "ObjC-Astronomy" */;
			buildPhases = (
				C4BE293E22E6457700EBBF4D /* Sources */,
				C4BE293F22E6457700EBBF4D /* Frameworks */,
				C4BE294022E6457700EBBF4D /* Resources */,
			);
			buildRules = (
			);
			dependencies = (
			);
			name = "ObjC-Astronomy";
			productName = "ObjC-Astronomy";
			productReference = C4BE294222E6457700EBBF4D /* ObjC-Astronomy.app */;
			productType = "com.apple.product-type.application";
		};
		C4BE295922E6457700EBBF4D /* ObjC-AstronomyTests */ = {
			isa = PBXNativeTarget;
			buildConfigurationList = C4BE296622E6457800EBBF4D /* Build configuration list for PBXNativeTarget "ObjC-AstronomyTests" */;
			buildPhases = (
				C4BE295622E6457700EBBF4D /* Sources */,
				C4BE295722E6457700EBBF4D /* Frameworks */,
				C4BE295822E6457700EBBF4D /* Resources */,
			);
			buildRules = (
			);
			dependencies = (
				C4BE295C22E6457700EBBF4D /* PBXTargetDependency */,
			);
			name = "ObjC-AstronomyTests";
			productName = "ObjC-AstronomyTests";
			productReference = C4BE295A22E6457700EBBF4D /* ObjC-AstronomyTests.xctest */;
			productType = "com.apple.product-type.bundle.unit-test";
		};
/* End PBXNativeTarget section */

/* Begin PBXProject section */
		C4BE293A22E6457700EBBF4D /* Project object */ = {
			isa = PBXProject;
			attributes = {
				LastUpgradeCheck = 1020;
				ORGANIZATIONNAME = "Kobe McKee";
				TargetAttributes = {
					C4BE294122E6457700EBBF4D = {
						CreatedOnToolsVersion = 10.2.1;
					};
					C4BE295922E6457700EBBF4D = {
						CreatedOnToolsVersion = 10.2.1;
						TestTargetID = C4BE294122E6457700EBBF4D;
					};
				};
			};
			buildConfigurationList = C4BE293D22E6457700EBBF4D /* Build configuration list for PBXProject "ObjC-Astronomy" */;
			compatibilityVersion = "Xcode 9.3";
			developmentRegion = en;
			hasScannedForEncodings = 0;
			knownRegions = (
				en,
				Base,
			);
			mainGroup = C4BE293922E6457700EBBF4D;
			productRefGroup = C4BE294322E6457700EBBF4D /* Products */;
			projectDirPath = "";
			projectRoot = "";
			targets = (
				C4BE294122E6457700EBBF4D /* ObjC-Astronomy */,
				C4BE295922E6457700EBBF4D /* ObjC-AstronomyTests */,
			);
		};
/* End PBXProject section */

/* Begin PBXResourcesBuildPhase section */
		C4BE294022E6457700EBBF4D /* Resources */ = {
			isa = PBXResourcesBuildPhase;
			buildActionMask = 2147483647;
			files = (
				C4BE295222E6457700EBBF4D /* LaunchScreen.storyboard in Resources */,
				C4BE294F22E6457700EBBF4D /* Assets.xcassets in Resources */,
				C4BE294D22E6457700EBBF4D /* Main.storyboard in Resources */,
			);
			runOnlyForDeploymentPostprocessing = 0;
		};
		C4BE295822E6457700EBBF4D /* Resources */ = {
			isa = PBXResourcesBuildPhase;
			buildActionMask = 2147483647;
			files = (
			);
			runOnlyForDeploymentPostprocessing = 0;
		};
/* End PBXResourcesBuildPhase section */

/* Begin PBXSourcesBuildPhase section */
		C4BE293E22E6457700EBBF4D /* Sources */ = {
			isa = PBXSourcesBuildPhase;
			buildActionMask = 2147483647;
			files = (
				C4BE295522E6457700EBBF4D /* main.m in Sources */,
				C4BE294722E6457700EBBF4D /* AppDelegate.m in Sources */,
			);
			runOnlyForDeploymentPostprocessing = 0;
		};
		C4BE295622E6457700EBBF4D /* Sources */ = {
			isa = PBXSourcesBuildPhase;
			buildActionMask = 2147483647;
			files = (
				C4BE295F22E6457800EBBF4D /* ObjC_AstronomyTests.m in Sources */,
			);
			runOnlyForDeploymentPostprocessing = 0;
		};
/* End PBXSourcesBuildPhase section */

/* Begin PBXTargetDependency section */
		C4BE295C22E6457700EBBF4D /* PBXTargetDependency */ = {
			isa = PBXTargetDependency;
			target = C4BE294122E6457700EBBF4D /* ObjC-Astronomy */;
			targetProxy = C4BE295B22E6457700EBBF4D /* PBXContainerItemProxy */;
		};
/* End PBXTargetDependency section */

/* Begin PBXVariantGroup section */
		C4BE294B22E6457700EBBF4D /* Main.storyboard */ = {
			isa = PBXVariantGroup;
			children = (
				C4BE294C22E6457700EBBF4D /* Base */,
			);
			name = Main.storyboard;
			sourceTree = "<group>";
		};
		C4BE295022E6457700EBBF4D /* LaunchScreen.storyboard */ = {
			isa = PBXVariantGroup;
			children = (
				C4BE295122E6457700EBBF4D /* Base */,
			);
			name = LaunchScreen.storyboard;
			sourceTree = "<group>";
		};
/* End PBXVariantGroup section */

/* Begin XCBuildConfiguration section */
		C4BE296122E6457800EBBF4D /* Debug */ = {
			isa = XCBuildConfiguration;
			buildSettings = {
				ALWAYS_SEARCH_USER_PATHS = NO;
				CLANG_ANALYZER_NONNULL = YES;
				CLANG_ANALYZER_NUMBER_OBJECT_CONVERSION = YES_AGGRESSIVE;
				CLANG_CXX_LANGUAGE_STANDARD = "gnu++14";
				CLANG_CXX_LIBRARY = "libc++";
				CLANG_ENABLE_MODULES = YES;
				CLANG_ENABLE_OBJC_ARC = YES;
				CLANG_ENABLE_OBJC_WEAK = YES;
				CLANG_WARN_BLOCK_CAPTURE_AUTORELEASING = YES;
				CLANG_WARN_BOOL_CONVERSION = YES;
				CLANG_WARN_COMMA = YES;
				CLANG_WARN_CONSTANT_CONVERSION = YES;
				CLANG_WARN_DEPRECATED_OBJC_IMPLEMENTATIONS = YES;
				CLANG_WARN_DIRECT_OBJC_ISA_USAGE = YES_ERROR;
				CLANG_WARN_DOCUMENTATION_COMMENTS = YES;
				CLANG_WARN_EMPTY_BODY = YES;
				CLANG_WARN_ENUM_CONVERSION = YES;
				CLANG_WARN_INFINITE_RECURSION = YES;
				CLANG_WARN_INT_CONVERSION = YES;
				CLANG_WARN_NON_LITERAL_NULL_CONVERSION = YES;
				CLANG_WARN_OBJC_IMPLICIT_RETAIN_SELF = YES;
				CLANG_WARN_OBJC_LITERAL_CONVERSION = YES;
				CLANG_WARN_OBJC_ROOT_CLASS = YES_ERROR;
				CLANG_WARN_RANGE_LOOP_ANALYSIS = YES;
				CLANG_WARN_STRICT_PROTOTYPES = YES;
				CLANG_WARN_SUSPICIOUS_MOVE = YES;
				CLANG_WARN_UNGUARDED_AVAILABILITY = YES_AGGRESSIVE;
				CLANG_WARN_UNREACHABLE_CODE = YES;
				CLANG_WARN__DUPLICATE_METHOD_MATCH = YES;
				CODE_SIGN_IDENTITY = "iPhone Developer";
				COPY_PHASE_STRIP = NO;
				DEBUG_INFORMATION_FORMAT = dwarf;
				ENABLE_STRICT_OBJC_MSGSEND = YES;
				ENABLE_TESTABILITY = YES;
				GCC_C_LANGUAGE_STANDARD = gnu11;
				GCC_DYNAMIC_NO_PIC = NO;
				GCC_NO_COMMON_BLOCKS = YES;
				GCC_OPTIMIZATION_LEVEL = 0;
				GCC_PREPROCESSOR_DEFINITIONS = (
					"DEBUG=1",
					"$(inherited)",
				);
				GCC_WARN_64_TO_32_BIT_CONVERSION = YES;
				GCC_WARN_ABOUT_RETURN_TYPE = YES_ERROR;
				GCC_WARN_UNDECLARED_SELECTOR = YES;
				GCC_WARN_UNINITIALIZED_AUTOS = YES_AGGRESSIVE;
				GCC_WARN_UNUSED_FUNCTION = YES;
				GCC_WARN_UNUSED_VARIABLE = YES;
				IPHONEOS_DEPLOYMENT_TARGET = 12.2;
				MTL_ENABLE_DEBUG_INFO = INCLUDE_SOURCE;
				MTL_FAST_MATH = YES;
				ONLY_ACTIVE_ARCH = YES;
				SDKROOT = iphoneos;
			};
			name = Debug;
		};
		C4BE296222E6457800EBBF4D /* Release */ = {
			isa = XCBuildConfiguration;
			buildSettings = {
				ALWAYS_SEARCH_USER_PATHS = NO;
				CLANG_ANALYZER_NONNULL = YES;
				CLANG_ANALYZER_NUMBER_OBJECT_CONVERSION = YES_AGGRESSIVE;
				CLANG_CXX_LANGUAGE_STANDARD = "gnu++14";
				CLANG_CXX_LIBRARY = "libc++";
				CLANG_ENABLE_MODULES = YES;
				CLANG_ENABLE_OBJC_ARC = YES;
				CLANG_ENABLE_OBJC_WEAK = YES;
				CLANG_WARN_BLOCK_CAPTURE_AUTORELEASING = YES;
				CLANG_WARN_BOOL_CONVERSION = YES;
				CLANG_WARN_COMMA = YES;
				CLANG_WARN_CONSTANT_CONVERSION = YES;
				CLANG_WARN_DEPRECATED_OBJC_IMPLEMENTATIONS = YES;
				CLANG_WARN_DIRECT_OBJC_ISA_USAGE = YES_ERROR;
				CLANG_WARN_DOCUMENTATION_COMMENTS = YES;
				CLANG_WARN_EMPTY_BODY = YES;
				CLANG_WARN_ENUM_CONVERSION = YES;
				CLANG_WARN_INFINITE_RECURSION = YES;
				CLANG_WARN_INT_CONVERSION = YES;
				CLANG_WARN_NON_LITERAL_NULL_CONVERSION = YES;
				CLANG_WARN_OBJC_IMPLICIT_RETAIN_SELF = YES;
				CLANG_WARN_OBJC_LITERAL_CONVERSION = YES;
				CLANG_WARN_OBJC_ROOT_CLASS = YES_ERROR;
				CLANG_WARN_RANGE_LOOP_ANALYSIS = YES;
				CLANG_WARN_STRICT_PROTOTYPES = YES;
				CLANG_WARN_SUSPICIOUS_MOVE = YES;
				CLANG_WARN_UNGUARDED_AVAILABILITY = YES_AGGRESSIVE;
				CLANG_WARN_UNREACHABLE_CODE = YES;
				CLANG_WARN__DUPLICATE_METHOD_MATCH = YES;
				CODE_SIGN_IDENTITY = "iPhone Developer";
				COPY_PHASE_STRIP = NO;
				DEBUG_INFORMATION_FORMAT = "dwarf-with-dsym";
				ENABLE_NS_ASSERTIONS = NO;
				ENABLE_STRICT_OBJC_MSGSEND = YES;
				GCC_C_LANGUAGE_STANDARD = gnu11;
				GCC_NO_COMMON_BLOCKS = YES;
				GCC_WARN_64_TO_32_BIT_CONVERSION = YES;
				GCC_WARN_ABOUT_RETURN_TYPE = YES_ERROR;
				GCC_WARN_UNDECLARED_SELECTOR = YES;
				GCC_WARN_UNINITIALIZED_AUTOS = YES_AGGRESSIVE;
				GCC_WARN_UNUSED_FUNCTION = YES;
				GCC_WARN_UNUSED_VARIABLE = YES;
				IPHONEOS_DEPLOYMENT_TARGET = 12.2;
				MTL_ENABLE_DEBUG_INFO = NO;
				MTL_FAST_MATH = YES;
				SDKROOT = iphoneos;
				VALIDATE_PRODUCT = YES;
			};
			name = Release;
		};
		C4BE296422E6457800EBBF4D /* Debug */ = {
			isa = XCBuildConfiguration;
			buildSettings = {
				ASSETCATALOG_COMPILER_APPICON_NAME = AppIcon;
				CODE_SIGN_STYLE = Automatic;
				DEVELOPMENT_TEAM = 636DWTJB2B;
				INFOPLIST_FILE = "ObjC-Astronomy/Info.plist";
				LD_RUNPATH_SEARCH_PATHS = (
					"$(inherited)",
					"@executable_path/Frameworks",
				);
				PRODUCT_BUNDLE_IDENTIFIER = "kmacmckee.ObjC-Astronomy";
				PRODUCT_NAME = "$(TARGET_NAME)";
				TARGETED_DEVICE_FAMILY = "1,2";
			};
			name = Debug;
		};
		C4BE296522E6457800EBBF4D /* Release */ = {
			isa = XCBuildConfiguration;
			buildSettings = {
				ASSETCATALOG_COMPILER_APPICON_NAME = AppIcon;
				CODE_SIGN_STYLE = Automatic;
				DEVELOPMENT_TEAM = 636DWTJB2B;
				INFOPLIST_FILE = "ObjC-Astronomy/Info.plist";
				LD_RUNPATH_SEARCH_PATHS = (
					"$(inherited)",
					"@executable_path/Frameworks",
				);
				PRODUCT_BUNDLE_IDENTIFIER = "kmacmckee.ObjC-Astronomy";
				PRODUCT_NAME = "$(TARGET_NAME)";
				TARGETED_DEVICE_FAMILY = "1,2";
			};
			name = Release;
		};
		C4BE296722E6457800EBBF4D /* Debug */ = {
			isa = XCBuildConfiguration;
			buildSettings = {
				BUNDLE_LOADER = "$(TEST_HOST)";
				CODE_SIGN_STYLE = Automatic;
				DEVELOPMENT_TEAM = 636DWTJB2B;
				INFOPLIST_FILE = "ObjC-AstronomyTests/Info.plist";
				LD_RUNPATH_SEARCH_PATHS = (
					"$(inherited)",
					"@executable_path/Frameworks",
					"@loader_path/Frameworks",
				);
				PRODUCT_BUNDLE_IDENTIFIER = "kmacmckee.ObjC-AstronomyTests";
				PRODUCT_NAME = "$(TARGET_NAME)";
				TARGETED_DEVICE_FAMILY = "1,2";
				TEST_HOST = "$(BUILT_PRODUCTS_DIR)/ObjC-Astronomy.app/ObjC-Astronomy";
			};
			name = Debug;
		};
		C4BE296822E6457800EBBF4D /* Release */ = {
			isa = XCBuildConfiguration;
			buildSettings = {
				BUNDLE_LOADER = "$(TEST_HOST)";
				CODE_SIGN_STYLE = Automatic;
				DEVELOPMENT_TEAM = 636DWTJB2B;
				INFOPLIST_FILE = "ObjC-AstronomyTests/Info.plist";
				LD_RUNPATH_SEARCH_PATHS = (
					"$(inherited)",
					"@executable_path/Frameworks",
					"@loader_path/Frameworks",
				);
				PRODUCT_BUNDLE_IDENTIFIER = "kmacmckee.ObjC-AstronomyTests";
				PRODUCT_NAME = "$(TARGET_NAME)";
				TARGETED_DEVICE_FAMILY = "1,2";
				TEST_HOST = "$(BUILT_PRODUCTS_DIR)/ObjC-Astronomy.app/ObjC-Astronomy";
			};
			name = Release;
		};
/* End XCBuildConfiguration section */

/* Begin XCConfigurationList section */
		C4BE293D22E6457700EBBF4D /* Build configuration list for PBXProject "ObjC-Astronomy" */ = {
			isa = XCConfigurationList;
			buildConfigurations = (
				C4BE296122E6457800EBBF4D /* Debug */,
				C4BE296222E6457800EBBF4D /* Release */,
			);
			defaultConfigurationIsVisible = 0;
			defaultConfigurationName = Release;
		};
		C4BE296322E6457800EBBF4D /* Build configuration list for PBXNativeTarget "ObjC-Astronomy" */ = {
			isa = XCConfigurationList;
			buildConfigurations = (
				C4BE296422E6457800EBBF4D /* Debug */,
				C4BE296522E6457800EBBF4D /* Release */,
			);
			defaultConfigurationIsVisible = 0;
			defaultConfigurationName = Release;
		};
		C4BE296622E6457800EBBF4D /* Build configuration list for PBXNativeTarget "ObjC-AstronomyTests" */ = {
			isa = XCConfigurationList;
			buildConfigurations = (
				C4BE296722E6457800EBBF4D /* Debug */,
				C4BE296822E6457800EBBF4D /* Release */,
			);
			defaultConfigurationIsVisible = 0;
			defaultConfigurationName = Release;
		};
/* End XCConfigurationList section */
	};
	rootObject = C4BE293A22E6457700EBBF4D /* Project object */;
}
